<?xml version="1.0" encoding="utf-8"?>
<Project ToolsVersion="4.0" xmlns="http://schemas.microsoft.com/developer/msbuild/2003">
  <ItemGroup>
    <Filter Include="Generated Files">
      <UniqueIdentifier>{59f0eb1e-8d24-4b80-a0b3-d1801da5885a}</UniqueIdentifier>
    </Filter>
    <Filter Include="Header Files">
      <UniqueIdentifier>{bcbdeb89-d435-4169-b788-333e8eb0df82}</UniqueIdentifier>
      <Extensions>h;hpp;hxx;hm;inl</Extensions>
    </Filter>
    <Filter Include="Resource Files">
      <UniqueIdentifier>{f91c84e2-2aac-410e-bb70-df313c2e8299}</UniqueIdentifier>
      <Extensions>ico;cur;bmp;dlg;rc2;rct;bin;cnt;rtf;gif;jpg;jpeg;jpe</Extensions>
    </Filter>
    <Filter Include="Source Files">
      <UniqueIdentifier>{4bf8a7ff-6b7f-460f-8eec-49ff6bc541ad}</UniqueIdentifier>
      <Extensions>cpp;c;cxx;rc;def;r;odl;idl;hpj;bat</Extensions>
    </Filter>
  </ItemGroup>
  <ItemGroup>
    <ClCompile Include="Image.cpp">
      <Filter>Source Files</Filter>
    </ClCompile>
    <ClCompile Include="TextViewer.cpp">
      <Filter>Source Files</Filter>
    </ClCompile>
    <ClCompile Include="TextViewerPlugin.cpp">
      <Filter>Source Files</Filter>
    </ClCompile>
    <ClCompile Include="TextViewer_i.c">
      <Filter>Generated Files</Filter>
    </ClCompile>
    <ClCompile Include="ImageWindow.cpp">
      <Filter>Source Files</Filter>
    </ClCompile>
    <ClCompile Include="StdAfx.cpp">
      <Filter>Source Files</Filter>
    </ClCompile>
  </ItemGroup>
  <ItemGroup>
    <None Include="Commands.bmp">
      <Filter>Resource Files</Filter>
    </None>
    <None Include="GrabMove.cur">
      <Filter>Resource Files</Filter>
    </None>
    <None Include="Image.ico">
      <Filter>Resource Files</Filter>
    </None>
    <None Include="TextViewer.def">
      <Filter>Source Files</Filter>
    </None>
    <None Include="TextViewer.rgs">
      <Filter>Resource Files</Filter>
    </None>
    <None Include="Skin.xml">
      <Filter>Resource Files</Filter>
    </None>
  </ItemGroup>
  <ItemGroup>
    <Midl Include="..\..\Envy\Envy.idl">
      <Filter>Source Files</Filter>
    </Midl>
    <Midl Include="TextViewer.idl">
      <Filter>Source Files</Filter>
    </Midl>
  </ItemGroup>
  <ItemGroup>
    <ResourceCompile Include="TextViewer.rc">
      <Filter>Source Files</Filter>
    </ResourceCompile>
  </ItemGroup>
  <ItemGroup>
    <ClInclude Include="Image.h">
      <Filter>Header Files</Filter>
    </ClInclude>
    <ClInclude Include="TextViewer.h">
      <Filter>Header Files</Filter>
    </ClInclude>
    <ClInclude Include="TextViewerPlugin.h">
      <Filter>Header Files</Filter>
    </ClInclude>
    <ClInclude Include="ImageWindow.h">
      <Filter>Header Files</Filter>
    </ClInclude>
    <ClInclude Include="Envy.h">
      <Filter>Header Files</Filter>
    </ClInclude>
    <ClInclude Include="Resource.h">
      <Filter>Header Files</Filter>
    </ClInclude>
    <ClInclude Include="StdAfx.h">
      <Filter>Header Files</Filter>
    </ClInclude>
  </ItemGroup>
</Project>